{
  "name": "app",
  "version": "1.0.0",
  "lockfileVersion": 1,
  "requires": true,
  "dependencies": {
    "@sap/hana-client": {
      "version": "2.10.20",
      "resolved": "http://nginx-redirector.repo-cache.svc.cluster.local/repository/appstudio-npm-group/@sap/hana-client/-/hana-client-2.10.20.tgz",
      "integrity": "sha512-K7Gx+q4B9o+P8yfcd4/QDG3ZKmb8PNWmq8YGMryE4NskNjfrwB7SqbCTda0SP8ne7lajqmuOk1HS1nV5xtQCYA==",
      "requires": {
        "debug": "3.1.0"
      },
      "dependencies": {
        "debug": {
          "version": "3.1.0",
          "resolved": false,
          "integrity": "sha512-OX8XqP7/1a9cqkxYw2yXss15f26NKWBpDXQd0/uK/KPqdQhxbPa994hnzjcE2VqQpDslf55723cKPUOGSmMY3g==",
          "requires": {
            "ms": "2.0.0"
          }
        },
        "ms": {
          "version": "2.0.0",
          "resolved": false,
          "integrity": "sha1-VgiurfwAvmwpAd9fmGF4jeDVl8g="
        }
      }
    }
  }
}
